
Microsoft Visual Studio Solution File, Format Version 12.00
# Visual Studio Version 17
VisualStudioVersion = 17.14.36623.8 d17.14
MinimumVisualStudioVersion = 10.0.40219.1
Project("{8BC9CEB8-8B4A-11D0-8D11-00A0C91BC942}") = "FinanceApp", "FinanceApp.vcxproj", "{12EA8146-42A2-4C16-9BCA-243FD072E576}"
EndProject
Global
	GlobalSection(SolutionConfigurationPlatforms) = preSolution
		Debug|x64 = Debug|x64
		Release|x64 = Release|x64
	EndGlobalSection
	GlobalSection(ProjectConfigurationPlatforms) = postSolution
		{12EA8146-42A2-4C16-9BCA-243FD072E576}.Debug|x64.ActiveCfg = Debug|x64
		{12EA8146-42A2-4C16-9BCA-243FD072E576}.Debug|x64.Build.0 = Debug|x64
		{12EA8146-42A2-4C16-9BCA-243FD072E576}.Release|x64.ActiveCfg = Release|x64
		{12EA8146-42A2-4C16-9BCA-243FD072E576}.Release|x64.Build.0 = Release|x64
	EndGlobalSection
	GlobalSection(SolutionProperties) = preSolution
		HideSolutionNode = FALSE
	EndGlobalSection
	GlobalSection(ExtensibilityGlobals) = postSolution
		SolutionGuid = {B43F8C15-C430-4518-A213-CEA8394B6BEE}
	EndGlobalSection
EndGlobal
